
Microsoft Visual Studio Solution File, Format Version 12.00
# Visual Studio Version 16
VisualStudioVersion = 16.0.29709.97
MinimumVisualStudioVersion = 10.0.40219.1
Project("{888888A0-9F3D-457C-B088-3A5042F75D52}") = "Prueba_busqueda_db", "Prueba_busqueda_db\Prueba_busqueda_db.pyproj", "{1C354F60-760D-46A0-83F6-FEC4C741FB6F}"
EndProject
Global
	GlobalSection(SolutionConfigurationPlatforms) = preSolution
		Debug|Any CPU = Debug|Any CPU
		Release|Any CPU = Release|Any CPU
	EndGlobalSection
	GlobalSection(ProjectConfigurationPlatforms) = postSolution
		{1C354F60-760D-46A0-83F6-FEC4C741FB6F}.Debug|Any CPU.ActiveCfg = Debug|Any CPU
		{1C354F60-760D-46A0-83F6-FEC4C741FB6F}.Release|Any CPU.ActiveCfg = Release|Any CPU
	EndGlobalSection
	GlobalSection(SolutionProperties) = preSolution
		HideSolutionNode = FALSE
	EndGlobalSection
	GlobalSection(ExtensibilityGlobals) = postSolution
		SolutionGuid = {33963E33-7936-4E68-9D63-1C1B93C1FC4C}
	EndGlobalSection
EndGlobal
